
Microsoft Visual Studio Solution File, Format Version 12.00
# Visual Studio Version 17
VisualStudioVersion = 17.4.33103.184
MinimumVisualStudioVersion = 10.0.40219.1
Project("{FAE04EC0-301F-11D3-BF4B-00C04F79EFBC}") = "identity", "identity\identity.csproj", "{DD949E61-3194-47B6-9F28-846A8CF18579}"
EndProject
Global
	GlobalSection(SolutionConfigurationPlatforms) = preSolution
		Debug|Any CPU = Debug|Any CPU
		Release|Any CPU = Release|Any CPU
	EndGlobalSection
	GlobalSection(ProjectConfigurationPlatforms) = postSolution
		{DD949E61-3194-47B6-9F28-846A8CF18579}.Debug|Any CPU.ActiveCfg = Debug|Any CPU
		{DD949E61-3194-47B6-9F28-846A8CF18579}.Debug|Any CPU.Build.0 = Debug|Any CPU
		{DD949E61-3194-47B6-9F28-846A8CF18579}.Release|Any CPU.ActiveCfg = Release|Any CPU
		{DD949E61-3194-47B6-9F28-846A8CF18579}.Release|Any CPU.Build.0 = Release|Any CPU
	EndGlobalSection
	GlobalSection(SolutionProperties) = preSolution
		HideSolutionNode = FALSE
	EndGlobalSection
	GlobalSection(ExtensibilityGlobals) = postSolution
		SolutionGuid = {C3217381-F6AA-4102-9666-49D6A1A94FB5}
	EndGlobalSection
EndGlobal
